// !$*UTF8*$!
{
	archiveVersion = 1;
	classes = {
	};
	objectVersion = 56;
	objects = {

/* Begin PBXBuildFile section */
		A440372B2AFA4B16007B3DCC /* deathNoteSwiftUIApp.swift in Sources */ = {isa = PBXBuildFile; fileRef = A440372A2AFA4B16007B3DCC /* deathNoteSwiftUIApp.swift */; };
		A440372D2AFA4B16007B3DCC /* ContentView.swift in Sources */ = {isa = PBXBuildFile; fileRef = A440372C2AFA4B16007B3DCC /* ContentView.swift */; };
		A440372F2AFA4B18007B3DCC /* Assets.xcassets in Resources */ = {isa = PBXBuildFile; fileRef = A440372E2AFA4B18007B3DCC /* Assets.xcassets */; };
		A44037322AFA4B18007B3DCC /* Preview Assets.xcassets in Resources */ = {isa = PBXBuildFile; fileRef = A44037312AFA4B18007B3DCC /* Preview Assets.xcassets */; };
		A4EA290F2AFCFBA6000C5A70 /* ItemRow.swift in Sources */ = {isa = PBXBuildFile; fileRef = A4EA290E2AFCFBA6000C5A70 /* ItemRow.swift */; };
		A4EA29112AFCFCB7000C5A70 /* ItemDetail.swift in Sources */ = {isa = PBXBuildFile; fileRef = A4EA29102AFCFCB7000C5A70 /* ItemDetail.swift */; };
		A4EA29142AFCFEC8000C5A70 /* Item.swift in Sources */ = {isa = PBXBuildFile; fileRef = A4EA29132AFCFEC8000C5A70 /* Item.swift */; };
		A4EA29162AFCFEF0000C5A70 /* ItemList.swift in Sources */ = {isa = PBXBuildFile; fileRef = A4EA29152AFCFEF0000C5A70 /* ItemList.swift */; };
		A4EA29192AFCFF84000C5A70 /* ItemModel.swift in Sources */ = {isa = PBXBuildFile; fileRef = A4EA29182AFCFF84000C5A70 /* ItemModel.swift */; };
/* End PBXBuildFile section */

/* Begin PBXFileReference section */
		A44037272AFA4B16007B3DCC /* deathNoteSwiftUI.app */ = {isa = PBXFileReference; explicitFileType = wrapper.application; includeInIndex = 0; path = deathNoteSwiftUI.app; sourceTree = BUILT_PRODUCTS_DIR; };
		A440372A2AFA4B16007B3DCC /* deathNoteSwiftUIApp.swift */ = {isa = PBXFileReference; lastKnownFileType = sourcecode.swift; path = deathNoteSwiftUIApp.swift; sourceTree = "<group>"; };
		A440372C2AFA4B16007B3DCC /* ContentView.swift */ = {isa = PBXFileReference; lastKnownFileType = sourcecode.swift; path = ContentView.swift; sourceTree = "<group>"; };
		A440372E2AFA4B18007B3DCC /* Assets.xcassets */ = {isa = PBXFileReference; lastKnownFileType = folder.assetcatalog; path = Assets.xcassets; sourceTree = "<group>"; };
		A44037312AFA4B18007B3DCC /* Preview Assets.xcassets */ = {isa = PBXFileReference; lastKnownFileType = folder.assetcatalog; path = "Preview Assets.xcassets"; sourceTree = "<group>"; };
		A4EA290E2AFCFBA6000C5A70 /* ItemRow.swift */ = {isa = PBXFileReference; lastKnownFileType = sourcecode.swift; path = ItemRow.swift; sourceTree = "<group>"; };
		A4EA29102AFCFCB7000C5A70 /* ItemDetail.swift */ = {isa = PBXFileReference; lastKnownFileType = sourcecode.swift; path = ItemDetail.swift; sourceTree = "<group>"; };
		A4EA29132AFCFEC8000C5A70 /* Item.swift */ = {isa = PBXFileReference; lastKnownFileType = sourcecode.swift; path = Item.swift; sourceTree = "<group>"; };
		A4EA29152AFCFEF0000C5A70 /* ItemList.swift */ = {isa = PBXFileReference; lastKnownFileType = sourcecode.swift; path = ItemList.swift; sourceTree = "<group>"; };
		A4EA29182AFCFF84000C5A70 /* ItemModel.swift */ = {isa = PBXFileReference; lastKnownFileType = sourcecode.swift; path = ItemModel.swift; sourceTree = "<group>"; };
/* End PBXFileReference section */

/* Begin PBXFrameworksBuildPhase section */
		A44037242AFA4B16007B3DCC /* Frameworks */ = {
			isa = PBXFrameworksBuildPhase;
			buildActionMask = 2147483647;
			files = (
			);
			runOnlyForDeploymentPostprocessing = 0;
		};
/* End PBXFrameworksBuildPhase section */

/* Begin PBXGroup section */
		A440371E2AFA4B16007B3DCC = {
			isa = PBXGroup;
			children = (
				A44037292AFA4B16007B3DCC /* deathNoteSwiftUI */,
				A44037282AFA4B16007B3DCC /* Products */,
			);
			sourceTree = "<group>";
		};
		A44037282AFA4B16007B3DCC /* Products */ = {
			isa = PBXGroup;
			children = (
				A44037272AFA4B16007B3DCC /* deathNoteSwiftUI.app */,
			);
			name = Products;
			sourceTree = "<group>";
		};
		A44037292AFA4B16007B3DCC /* deathNoteSwiftUI */ = {
			isa = PBXGroup;
			children = (
				A440372A2AFA4B16007B3DCC /* deathNoteSwiftUIApp.swift */,
				A4EA29122AFCFCBF000C5A70 /* View */,
				A440372E2AFA4B18007B3DCC /* Assets.xcassets */,
				A44037302AFA4B18007B3DCC /* Preview Content */,
				A4EA29172AFCFF78000C5A70 /* Model */,
			);
			path = deathNoteSwiftUI;
			sourceTree = "<group>";
		};
		A44037302AFA4B18007B3DCC /* Preview Content */ = {
			isa = PBXGroup;
			children = (
				A44037312AFA4B18007B3DCC /* Preview Assets.xcassets */,
			);
			path = "Preview Content";
			sourceTree = "<group>";
		};
		A4EA29122AFCFCBF000C5A70 /* View */ = {
			isa = PBXGroup;
			children = (
				A440372C2AFA4B16007B3DCC /* ContentView.swift */,
				A4EA290E2AFCFBA6000C5A70 /* ItemRow.swift */,
				A4EA29102AFCFCB7000C5A70 /* ItemDetail.swift */,
				A4EA29152AFCFEF0000C5A70 /* ItemList.swift */,
			);
			path = View;
			sourceTree = "<group>";
		};
		A4EA29172AFCFF78000C5A70 /* Model */ = {
			isa = PBXGroup;
			children = (
				A4EA29132AFCFEC8000C5A70 /* Item.swift */,
				A4EA29182AFCFF84000C5A70 /* ItemModel.swift */,
			);
			path = Model;
			sourceTree = "<group>";
		};
/* End PBXGroup section */

/* Begin PBXNativeTarget section */
		A44037262AFA4B16007B3DCC /* deathNoteSwiftUI */ = {
			isa = PBXNativeTarget;
			buildConfigurationList = A44037352AFA4B18007B3DCC /* Build configuration list for PBXNativeTarget "deathNoteSwiftUI" */;
			buildPhases = (
				A44037232AFA4B16007B3DCC /* Sources */,
				A44037242AFA4B16007B3DCC /* Frameworks */,
				A44037252AFA4B16007B3DCC /* Resources */,
			);
			buildRules = (
			);
			dependencies = (
			);
			name = deathNoteSwiftUI;
			productName = deathNoteSwiftUI;
			productReference = A44037272AFA4B16007B3DCC /* deathNoteSwiftUI.app */;
			productType = "com.apple.product-type.application";
		};
/* End PBXNativeTarget section */

/* Begin PBXProject section */
		A440371F2AFA4B16007B3DCC /* Project object */ = {
			isa = PBXProject;
			attributes = {
				BuildIndependentTargetsInParallel = 1;
				LastSwiftUpdateCheck = 1500;
				LastUpgradeCheck = 1500;
				TargetAttributes = {
					A44037262AFA4B16007B3DCC = {
						CreatedOnToolsVersion = 15.0.1;
					};
				};
			};
			buildConfigurationList = A44037222AFA4B16007B3DCC /* Build configuration list for PBXProject "deathNoteSwiftUI" */;
			compatibilityVersion = "Xcode 14.0";
			developmentRegion = en;
			hasScannedForEncodings = 0;
			knownRegions = (
				en,
				Base,
			);
			mainGroup = A440371E2AFA4B16007B3DCC;
			productRefGroup = A44037282AFA4B16007B3DCC /* Products */;
			projectDirPath = "";
			projectRoot = "";
			targets = (
				A44037262AFA4B16007B3DCC /* deathNoteSwiftUI */,
			);
		};
/* End PBXProject section */

/* Begin PBXResourcesBuildPhase section */
		A44037252AFA4B16007B3DCC /* Resources */ = {
			isa = PBXResourcesBuildPhase;
			buildActionMask = 2147483647;
			files = (
				A44037322AFA4B18007B3DCC /* Preview Assets.xcassets in Resources */,
				A440372F2AFA4B18007B3DCC /* Assets.xcassets in Resources */,
			);
			runOnlyForDeploymentPostprocessing = 0;
		};
/* End PBXResourcesBuildPhase section */

/* Begin PBXSourcesBuildPhase section */
		A44037232AFA4B16007B3DCC /* Sources */ = {
			isa = PBXSourcesBuildPhase;
			buildActionMask = 2147483647;
			files = (
				A4EA29142AFCFEC8000C5A70 /* Item.swift in Sources */,
				A4EA290F2AFCFBA6000C5A70 /* ItemRow.swift in Sources */,
				A4EA29112AFCFCB7000C5A70 /* ItemDetail.swift in Sources */,
				A440372D2AFA4B16007B3DCC /* ContentView.swift in Sources */,
				A4EA29162AFCFEF0000C5A70 /* ItemList.swift in Sources */,
				A4EA29192AFCFF84000C5A70 /* ItemModel.swift in Sources */,
				A440372B2AFA4B16007B3DCC /* deathNoteSwiftUIApp.swift in Sources */,
			);
			runOnlyForDeploymentPostprocessing = 0;
		};
/* End PBXSourcesBuildPhase section */

/* Begin XCBuildConfiguration section */
		A44037332AFA4B18007B3DCC /* Debug */ = {
			isa = XCBuildConfiguration;
			buildSettings = {
				ALWAYS_SEARCH_USER_PATHS = NO;
				ASSETCATALOG_COMPILER_GENERATE_SWIFT_ASSET_SYMBOL_EXTENSIONS = YES;
				CLANG_ANALYZER_NONNULL = YES;
				CLANG_ANALYZER_NUMBER_OBJECT_CONVERSION = YES_AGGRESSIVE;
				CLANG_CXX_LANGUAGE_STANDARD = "gnu++20";
				CLANG_ENABLE_MODULES = YES;
				CLANG_ENABLE_OBJC_ARC = YES;
				CLANG_ENABLE_OBJC_WEAK = YES;
				CLANG_WARN_BLOCK_CAPTURE_AUTORELEASING = YES;
				CLANG_WARN_BOOL_CONVERSION = YES;
				CLANG_WARN_COMMA = YES;
				CLANG_WARN_CONSTANT_CONVERSION = YES;
				CLANG_WARN_DEPRECATED_OBJC_IMPLEMENTATIONS = YES;
				CLANG_WARN_DIRECT_OBJC_ISA_USAGE = YES_ERROR;
				CLANG_WARN_DOCUMENTATION_COMMENTS = YES;
				CLANG_WARN_EMPTY_BODY = YES;
				CLANG_WARN_ENUM_CONVERSION = YES;
				CLANG_WARN_INFINITE_RECURSION = YES;
				CLANG_WARN_INT_CONVERSION = YES;
				CLANG_WARN_NON_LITERAL_NULL_CONVERSION = YES;
				CLANG_WARN_OBJC_IMPLICIT_RETAIN_SELF = YES;
				CLANG_WARN_OBJC_LITERAL_CONVERSION = YES;
				CLANG_WARN_OBJC_ROOT_CLASS = YES_ERROR;
				CLANG_WARN_QUOTED_INCLUDE_IN_FRAMEWORK_HEADER = YES;
				CLANG_WARN_RANGE_LOOP_ANALYSIS = YES;
				CLANG_WARN_STRICT_PROTOTYPES = YES;
				CLANG_WARN_SUSPICIOUS_MOVE = YES;
				CLANG_WARN_UNGUARDED_AVAILABILITY = YES_AGGRESSIVE;
				CLANG_WARN_UNREACHABLE_CODE = YES;
				CLANG_WARN__DUPLICATE_METHOD_MATCH = YES;
				COPY_PHASE_STRIP = NO;
				DEBUG_INFORMATION_FORMAT = dwarf;
				ENABLE_STRICT_OBJC_MSGSEND = YES;
				ENABLE_TESTABILITY = YES;
				ENABLE_USER_SCRIPT_SANDBOXING = YES;
				GCC_C_LANGUAGE_STANDARD = gnu17;
				GCC_DYNAMIC_NO_PIC = NO;
				GCC_NO_COMMON_BLOCKS = YES;
				GCC_OPTIMIZATION_LEVEL = 0;
				GCC_PREPROCESSOR_DEFINITIONS = (
					"DEBUG=1",
					"$(inherited)",
				);
				GCC_WARN_64_TO_32_BIT_CONVERSION = YES;
				GCC_WARN_ABOUT_RETURN_TYPE = YES_ERROR;
				GCC_WARN_UNDECLARED_SELECTOR = YES;
				GCC_WARN_UNINITIALIZED_AUTOS = YES_AGGRESSIVE;
				GCC_WARN_UNUSED_FUNCTION = YES;
				GCC_WARN_UNUSED_VARIABLE = YES;
				IPHONEOS_DEPLOYMENT_TARGET = 17.0;
				LOCALIZATION_PREFERS_STRING_CATALOGS = YES;
				MTL_ENABLE_DEBUG_INFO = INCLUDE_SOURCE;
				MTL_FAST_MATH = YES;
				ONLY_ACTIVE_ARCH = YES;
				SDKROOT = iphoneos;
				SWIFT_ACTIVE_COMPILATION_CONDITIONS = "DEBUG $(inherited)";
				SWIFT_OPTIMIZATION_LEVEL = "-Onone";
			};
			name = Debug;
		};
		A44037342AFA4B18007B3DCC /* Release */ = {
			isa = XCBuildConfiguration;
			buildSettings = {
				ALWAYS_SEARCH_USER_PATHS = NO;
				ASSETCATALOG_COMPILER_GENERATE_SWIFT_ASSET_SYMBOL_EXTENSIONS = YES;
				CLANG_ANALYZER_NONNULL = YES;
				CLANG_ANALYZER_NUMBER_OBJECT_CONVERSION = YES_AGGRESSIVE;
				CLANG_CXX_LANGUAGE_STANDARD = "gnu++20";
				CLANG_ENABLE_MODULES = YES;
				CLANG_ENABLE_OBJC_ARC = YES;
				CLANG_ENABLE_OBJC_WEAK = YES;
				CLANG_WARN_BLOCK_CAPTURE_AUTORELEASING = YES;
				CLANG_WARN_BOOL_CONVERSION = YES;
				CLANG_WARN_COMMA = YES;
				CLANG_WARN_CONSTANT_CONVERSION = YES;
				CLANG_WARN_DEPRECATED_OBJC_IMPLEMENTATIONS = YES;
				CLANG_WARN_DIRECT_OBJC_ISA_USAGE = YES_ERROR;
				CLANG_WARN_DOCUMENTATION_COMMENTS = YES;
				CLANG_WARN_EMPTY_BODY = YES;
				CLANG_WARN_ENUM_CONVERSION = YES;
				CLANG_WARN_INFINITE_RECURSION = YES;
				CLANG_WARN_INT_CONVERSION = YES;
				CLANG_WARN_NON_LITERAL_NULL_CONVERSION = YES;
				CLANG_WARN_OBJC_IMPLICIT_RETAIN_SELF = YES;
				CLANG_WARN_OBJC_LITERAL_CONVERSION = YES;
				CLANG_WARN_OBJC_ROOT_CLASS = YES_ERROR;
				CLANG_WARN_QUOTED_INCLUDE_IN_FRAMEWORK_HEADER = YES;
				CLANG_WARN_RANGE_LOOP_ANALYSIS = YES;
				CLANG_WARN_STRICT_PROTOTYPES = YES;
				CLANG_WARN_SUSPICIOUS_MOVE = YES;
				CLANG_WARN_UNGUARDED_AVAILABILITY = YES_AGGRESSIVE;
				CLANG_WARN_UNREACHABLE_CODE = YES;
				CLANG_WARN__DUPLICATE_METHOD_MATCH = YES;
				COPY_PHASE_STRIP = NO;
				DEBUG_INFORMATION_FORMAT = "dwarf-with-dsym";
				ENABLE_NS_ASSERTIONS = NO;
				ENABLE_STRICT_OBJC_MSGSEND = YES;
				ENABLE_USER_SCRIPT_SANDBOXING = YES;
				GCC_C_LANGUAGE_STANDARD = gnu17;
				GCC_NO_COMMON_BLOCKS = YES;
				GCC_WARN_64_TO_32_BIT_CONVERSION = YES;
				GCC_WARN_ABOUT_RETURN_TYPE = YES_ERROR;
				GCC_WARN_UNDECLARED_SELECTOR = YES;
				GCC_WARN_UNINITIALIZED_AUTOS = YES_AGGRESSIVE;
				GCC_WARN_UNUSED_FUNCTION = YES;
				GCC_WARN_UNUSED_VARIABLE = YES;
				IPHONEOS_DEPLOYMENT_TARGET = 17.0;
				LOCALIZATION_PREFERS_STRING_CATALOGS = YES;
				MTL_ENABLE_DEBUG_INFO = NO;
				MTL_FAST_MATH = YES;
				SDKROOT = iphoneos;
				SWIFT_COMPILATION_MODE = wholemodule;
				VALIDATE_PRODUCT = YES;
			};
			name = Release;
		};
		A44037362AFA4B18007B3DCC /* Debug */ = {
			isa = XCBuildConfiguration;
			buildSettings = {
				ASSETCATALOG_COMPILER_APPICON_NAME = AppIcon;
				ASSETCATALOG_COMPILER_GLOBAL_ACCENT_COLOR_NAME = AccentColor;
				CODE_SIGN_STYLE = Automatic;
				CURRENT_PROJECT_VERSION = 1;
				DEVELOPMENT_ASSET_PATHS = "\"deathNoteSwiftUI/Preview Content\"";
				DEVELOPMENT_TEAM = 5XJD2AR6K6;
				ENABLE_PREVIEWS = YES;
				GENERATE_INFOPLIST_FILE = YES;
				INFOPLIST_KEY_UIApplicationSceneManifest_Generation = YES;
				INFOPLIST_KEY_UIApplicationSupportsIndirectInputEvents = YES;
				INFOPLIST_KEY_UILaunchScreen_Generation = YES;
				INFOPLIST_KEY_UISupportedInterfaceOrientations_iPad = "UIInterfaceOrientationPortrait UIInterfaceOrientationPortraitUpsideDown UIInterfaceOrientationLandscapeLeft UIInterfaceOrientationLandscapeRight";
				INFOPLIST_KEY_UISupportedInterfaceOrientations_iPhone = "UIInterfaceOrientationPortrait UIInterfaceOrientationLandscapeLeft UIInterfaceOrientationLandscapeRight";
				LD_RUNPATH_SEARCH_PATHS = (
					"$(inherited)",
					"@executable_path/Frameworks",
				);
				MARKETING_VERSION = 1.0;
				PRODUCT_BUNDLE_IDENTIFIER = com.zu.deathNoteSwiftUI;
				PRODUCT_NAME = "$(TARGET_NAME)";
				SWIFT_EMIT_LOC_STRINGS = YES;
				SWIFT_VERSION = 5.0;
				TARGETED_DEVICE_FAMILY = "1,2";
			};
			name = Debug;
		};
		A44037372AFA4B18007B3DCC /* Release */ = {
			isa = XCBuildConfiguration;
			buildSettings = {
				ASSETCATALOG_COMPILER_APPICON_NAME = AppIcon;
				ASSETCATALOG_COMPILER_GLOBAL_ACCENT_COLOR_NAME = AccentColor;
				CODE_SIGN_STYLE = Automatic;
				CURRENT_PROJECT_VERSION = 1;
				DEVELOPMENT_ASSET_PATHS = "\"deathNoteSwiftUI/Preview Content\"";
				DEVELOPMENT_TEAM = 5XJD2AR6K6;
				ENABLE_PREVIEWS = YES;
				GENERATE_INFOPLIST_FILE = YES;
				INFOPLIST_KEY_UIApplicationSceneManifest_Generation = YES;
				INFOPLIST_KEY_UIApplicationSupportsIndirectInputEvents = YES;
				INFOPLIST_KEY_UILaunchScreen_Generation = YES;
				INFOPLIST_KEY_UISupportedInterfaceOrientations_iPad = "UIInterfaceOrientationPortrait UIInterfaceOrientationPortraitUpsideDown UIInterfaceOrientationLandscapeLeft UIInterfaceOrientationLandscapeRight";
				INFOPLIST_KEY_UISupportedInterfaceOrientations_iPhone = "UIInterfaceOrientationPortrait UIInterfaceOrientationLandscapeLeft UIInterfaceOrientationLandscapeRight";
				LD_RUNPATH_SEARCH_PATHS = (
					"$(inherited)",
					"@executable_path/Frameworks",
				);
				MARKETING_VERSION = 1.0;
				PRODUCT_BUNDLE_IDENTIFIER = com.zu.deathNoteSwiftUI;
				PRODUCT_NAME = "$(TARGET_NAME)";
				SWIFT_EMIT_LOC_STRINGS = YES;
				SWIFT_VERSION = 5.0;
				TARGETED_DEVICE_FAMILY = "1,2";
			};
			name = Release;
		};
/* End XCBuildConfiguration section */

/* Begin XCConfigurationList section */
		A44037222AFA4B16007B3DCC /* Build configuration list for PBXProject "deathNoteSwiftUI" */ = {
			isa = XCConfigurationList;
			buildConfigurations = (
				A44037332AFA4B18007B3DCC /* Debug */,
				A44037342AFA4B18007B3DCC /* Release */,
			);
			defaultConfigurationIsVisible = 0;
			defaultConfigurationName = Release;
		};
		A44037352AFA4B18007B3DCC /* Build configuration list for PBXNativeTarget "deathNoteSwiftUI" */ = {
			isa = XCConfigurationList;
			buildConfigurations = (
				A44037362AFA4B18007B3DCC /* Debug */,
				A44037372AFA4B18007B3DCC /* Release */,
			);
			defaultConfigurationIsVisible = 0;
			defaultConfigurationName = Release;
		};
/* End XCConfigurationList section */
	};
	rootObject = A440371F2AFA4B16007B3DCC /* Project object */;
}
